
Microsoft Visual Studio Solution File, Format Version 12.00
# Visual Studio Version 17
VisualStudioVersion = 17.6.33829.357
MinimumVisualStudioVersion = 10.0.40219.1
Project("{FAE04EC0-301F-11D3-BF4B-00C04F79EFBC}") = "BankAccount", "BankAccount\BankAccount.csproj", "{4F3D0549-CC8F-4B7A-A17A-4BE5F71DCAC2}"
EndProject
Global
	GlobalSection(SolutionConfigurationPlatforms) = preSolution
		Debug|Any CPU = Debug|Any CPU
		Release|Any CPU = Release|Any CPU
	EndGlobalSection
	GlobalSection(ProjectConfigurationPlatforms) = postSolution
		{4F3D0549-CC8F-4B7A-A17A-4BE5F71DCAC2}.Debug|Any CPU.ActiveCfg = Debug|Any CPU
		{4F3D0549-CC8F-4B7A-A17A-4BE5F71DCAC2}.Debug|Any CPU.Build.0 = Debug|Any CPU
		{4F3D0549-CC8F-4B7A-A17A-4BE5F71DCAC2}.Release|Any CPU.ActiveCfg = Release|Any CPU
		{4F3D0549-CC8F-4B7A-A17A-4BE5F71DCAC2}.Release|Any CPU.Build.0 = Release|Any CPU
	EndGlobalSection
	GlobalSection(SolutionProperties) = preSolution
		HideSolutionNode = FALSE
	EndGlobalSection
	GlobalSection(ExtensibilityGlobals) = postSolution
		SolutionGuid = {4A56CEA1-56AE-40B4-86D3-F0C2F96AED8A}
	EndGlobalSection
EndGlobal
